
Microsoft Visual Studio Solution File, Format Version 11.00
# Visual C++ Express 2010
Project("{8BC9CEB8-8B4A-11D0-8D11-00A0C91BC942}") = "BasicCalibTest", "BasicCalibTest\BasicCalibTest.vcxproj", "{C1957678-E4D6-45FB-B66D-46835CF76C71}"
EndProject
Global
	GlobalSection(SolutionConfigurationPlatforms) = preSolution
		Debug|Win32 = Debug|Win32
		Release|Win32 = Release|Win32
	EndGlobalSection
	GlobalSection(ProjectConfigurationPlatforms) = postSolution
		{C1957678-E4D6-45FB-B66D-46835CF76C71}.Debug|Win32.ActiveCfg = Debug|Win32
		{C1957678-E4D6-45FB-B66D-46835CF76C71}.Debug|Win32.Build.0 = Debug|Win32
		{C1957678-E4D6-45FB-B66D-46835CF76C71}.Release|Win32.ActiveCfg = Release|Win32
		{C1957678-E4D6-45FB-B66D-46835CF76C71}.Release|Win32.Build.0 = Release|Win32
	EndGlobalSection
	GlobalSection(SolutionProperties) = preSolution
		HideSolutionNode = FALSE
	EndGlobalSection
EndGlobal
